PODS:
  - MMDrawerController (0.5.3):
    - MMDrawerController/Core
    - MMDrawerController/MMDrawerBarButtonItem
    - MMDrawerController/MMDrawerVisualStates
    - MMDrawerController/Subclass
  - MMDrawerController/Core (0.5.3)
  - MMDrawerController/MMDrawerBarButtonItem (0.5.3):
    - MMDrawerController/Core
  - MMDrawerController/MMDrawerVisualStates (0.5.3):
    - MMDrawerController/Core
  - MMDrawerController/Subclass (0.5.3):
    - MMDrawerController/Core
  - UIImage+Additions (1.1.0)

DEPENDENCIES:
  - MMDrawerController
  - UIImage+Additions

SPEC CHECKSUMS:
  MMDrawerController: 4445e1927e8947b7e2382136c9b7109840efbfb9
  UIImage+Additions: 11713165aaad17bf7c49ed43cd9a5a85b95514fd

COCOAPODS: 0.31.1
